
Microsoft Visual Studio Solution File, Format Version 12.00
# Visual Studio Version 17
VisualStudioVersion = 17.10.35013.160
MinimumVisualStudioVersion = 10.0.40219.1
Project("{FAE04EC0-301F-11D3-BF4B-00C04F79EFBC}") = "Calculator", "Calculator\Calculator.csproj", "{47E9BAE6-7578-4804-98FD-ABBD0ED3BF2A}"
EndProject
Global
	GlobalSection(SolutionConfigurationPlatforms) = preSolution
		Debug|Any CPU = Debug|Any CPU
		Release|Any CPU = Release|Any CPU
	EndGlobalSection
	GlobalSection(ProjectConfigurationPlatforms) = postSolution
		{47E9BAE6-7578-4804-98FD-ABBD0ED3BF2A}.Debug|Any CPU.ActiveCfg = Debug|Any CPU
		{47E9BAE6-7578-4804-98FD-ABBD0ED3BF2A}.Debug|Any CPU.Build.0 = Debug|Any CPU
		{47E9BAE6-7578-4804-98FD-ABBD0ED3BF2A}.Release|Any CPU.ActiveCfg = Release|Any CPU
		{47E9BAE6-7578-4804-98FD-ABBD0ED3BF2A}.Release|Any CPU.Build.0 = Release|Any CPU
	EndGlobalSection
	GlobalSection(SolutionProperties) = preSolution
		HideSolutionNode = FALSE
	EndGlobalSection
	GlobalSection(ExtensibilityGlobals) = postSolution
		SolutionGuid = {0338BDF0-0B83-4DCA-B330-1B563E0E3DDD}
	EndGlobalSection
EndGlobal
